
Microsoft Visual Studio Solution File, Format Version 12.00
# Visual Studio 14
VisualStudioVersion = 14.0.25420.1
MinimumVisualStudioVersion = 10.0.40219.1
Project("{FAE04EC0-301F-11D3-BF4B-00C04F79EFBC}") = "AppleOrderManagement", "AppleOrderManagement\AppleOrderManagement.csproj", "{791AEEE1-E9D2-4105-B0FC-A4BBCBDBB0DA}"
EndProject
Project("{FAE04EC0-301F-11D3-BF4B-00C04F79EFBC}") = "AppleOrderCreator", "AppleOrderCreator\AppleOrderCreator.csproj", "{2EE846E9-4101-4A35-B388-AC2EDDAC675B}"
EndProject
Global
	GlobalSection(SolutionConfigurationPlatforms) = preSolution
		Debug|Any CPU = Debug|Any CPU
		Release|Any CPU = Release|Any CPU
	EndGlobalSection
	GlobalSection(ProjectConfigurationPlatforms) = postSolution
		{791AEEE1-E9D2-4105-B0FC-A4BBCBDBB0DA}.Debug|Any CPU.ActiveCfg = Debug|Any CPU
		{791AEEE1-E9D2-4105-B0FC-A4BBCBDBB0DA}.Debug|Any CPU.Build.0 = Debug|Any CPU
		{791AEEE1-E9D2-4105-B0FC-A4BBCBDBB0DA}.Release|Any CPU.ActiveCfg = Release|Any CPU
		{791AEEE1-E9D2-4105-B0FC-A4BBCBDBB0DA}.Release|Any CPU.Build.0 = Release|Any CPU
		{2EE846E9-4101-4A35-B388-AC2EDDAC675B}.Debug|Any CPU.ActiveCfg = Debug|Any CPU
		{2EE846E9-4101-4A35-B388-AC2EDDAC675B}.Debug|Any CPU.Build.0 = Debug|Any CPU
		{2EE846E9-4101-4A35-B388-AC2EDDAC675B}.Release|Any CPU.ActiveCfg = Release|Any CPU
		{2EE846E9-4101-4A35-B388-AC2EDDAC675B}.Release|Any CPU.Build.0 = Release|Any CPU
	EndGlobalSection
	GlobalSection(SolutionProperties) = preSolution
		HideSolutionNode = FALSE
	EndGlobalSection
EndGlobal
